
Microsoft Visual Studio Solution File, Format Version 12.00
# Visual Studio Version 17
VisualStudioVersion = 17.1.32228.430
MinimumVisualStudioVersion = 10.0.40219.1
Project("{FAE04EC0-301F-11D3-BF4B-00C04F79EFBC}") = "SpecFlowWeb", "SpecFlowWeb\SpecFlowWeb.csproj", "{66A3DB20-3A03-4BDB-AB32-0132E7ED52D5}"
EndProject
Project("{FAE04EC0-301F-11D3-BF4B-00C04F79EFBC}") = "SpecFlowWeb.Specs", "SpecFlowWeb.Specs\SpecFlowWeb.Specs.csproj", "{5C7B5B48-750F-476A-A224-744BCD018F46}"
EndProject
Global
	GlobalSection(SolutionConfigurationPlatforms) = preSolution
		Debug|Any CPU = Debug|Any CPU
		Release|Any CPU = Release|Any CPU
	EndGlobalSection
	GlobalSection(ProjectConfigurationPlatforms) = postSolution
		{66A3DB20-3A03-4BDB-AB32-0132E7ED52D5}.Debug|Any CPU.ActiveCfg = Debug|Any CPU
		{66A3DB20-3A03-4BDB-AB32-0132E7ED52D5}.Debug|Any CPU.Build.0 = Debug|Any CPU
		{66A3DB20-3A03-4BDB-AB32-0132E7ED52D5}.Release|Any CPU.ActiveCfg = Release|Any CPU
		{66A3DB20-3A03-4BDB-AB32-0132E7ED52D5}.Release|Any CPU.Build.0 = Release|Any CPU
		{5C7B5B48-750F-476A-A224-744BCD018F46}.Debug|Any CPU.ActiveCfg = Debug|Any CPU
		{5C7B5B48-750F-476A-A224-744BCD018F46}.Debug|Any CPU.Build.0 = Debug|Any CPU
		{5C7B5B48-750F-476A-A224-744BCD018F46}.Release|Any CPU.ActiveCfg = Release|Any CPU
		{5C7B5B48-750F-476A-A224-744BCD018F46}.Release|Any CPU.Build.0 = Release|Any CPU
	EndGlobalSection
	GlobalSection(SolutionProperties) = preSolution
		HideSolutionNode = FALSE
	EndGlobalSection
	GlobalSection(ExtensibilityGlobals) = postSolution
		SolutionGuid = {3946D4A6-7A0D-4528-9C25-4D880242DAF7}
	EndGlobalSection
EndGlobal
